
Microsoft Visual Studio Solution File, Format Version 12.00
# Visual Studio Version 16
VisualStudioVersion = 16.0.31129.286
MinimumVisualStudioVersion = 10.0.40219.1
Project("{8BC9CEB8-8B4A-11D0-8D11-00A0C91BC942}") = "2022.13.05-Async", "2022.13.05-Async\2022.13.05-Async.vcxproj", "{6F422028-DB88-4182-BFD5-E33239F273EE}"
EndProject
Global
	GlobalSection(SolutionConfigurationPlatforms) = preSolution
		Debug|x64 = Debug|x64
		Debug|x86 = Debug|x86
		Release|x64 = Release|x64
		Release|x86 = Release|x86
	EndGlobalSection
	GlobalSection(ProjectConfigurationPlatforms) = postSolution
		{6F422028-DB88-4182-BFD5-E33239F273EE}.Debug|x64.ActiveCfg = Debug|x64
		{6F422028-DB88-4182-BFD5-E33239F273EE}.Debug|x64.Build.0 = Debug|x64
		{6F422028-DB88-4182-BFD5-E33239F273EE}.Debug|x86.ActiveCfg = Debug|Win32
		{6F422028-DB88-4182-BFD5-E33239F273EE}.Debug|x86.Build.0 = Debug|Win32
		{6F422028-DB88-4182-BFD5-E33239F273EE}.Release|x64.ActiveCfg = Release|x64
		{6F422028-DB88-4182-BFD5-E33239F273EE}.Release|x64.Build.0 = Release|x64
		{6F422028-DB88-4182-BFD5-E33239F273EE}.Release|x86.ActiveCfg = Release|Win32
		{6F422028-DB88-4182-BFD5-E33239F273EE}.Release|x86.Build.0 = Release|Win32
	EndGlobalSection
	GlobalSection(SolutionProperties) = preSolution
		HideSolutionNode = FALSE
	EndGlobalSection
	GlobalSection(ExtensibilityGlobals) = postSolution
		SolutionGuid = {408C64C1-4E02-4DE3-A9A9-7C95EA98A085}
	EndGlobalSection
EndGlobal
