
Microsoft Visual Studio Solution File, Format Version 12.00
# Visual Studio Version 16
VisualStudioVersion = 16.0.30503.244
MinimumVisualStudioVersion = 10.0.40219.1
Project("{8BC9CEB8-8B4A-11D0-8D11-00A0C91BC942}") = "Task", "Task\Task.vcxproj", "{A111B55D-D79E-4CF0-B3BF-F8B802E8D381}"
EndProject
Global
	GlobalSection(SolutionConfigurationPlatforms) = preSolution
		Debug|x64 = Debug|x64
		Debug|x86 = Debug|x86
		Release|x64 = Release|x64
		Release|x86 = Release|x86
	EndGlobalSection
	GlobalSection(ProjectConfigurationPlatforms) = postSolution
		{A111B55D-D79E-4CF0-B3BF-F8B802E8D381}.Debug|x64.ActiveCfg = Debug|x64
		{A111B55D-D79E-4CF0-B3BF-F8B802E8D381}.Debug|x64.Build.0 = Debug|x64
		{A111B55D-D79E-4CF0-B3BF-F8B802E8D381}.Debug|x86.ActiveCfg = Debug|Win32
		{A111B55D-D79E-4CF0-B3BF-F8B802E8D381}.Debug|x86.Build.0 = Debug|Win32
		{A111B55D-D79E-4CF0-B3BF-F8B802E8D381}.Release|x64.ActiveCfg = Release|x64
		{A111B55D-D79E-4CF0-B3BF-F8B802E8D381}.Release|x64.Build.0 = Release|x64
		{A111B55D-D79E-4CF0-B3BF-F8B802E8D381}.Release|x86.ActiveCfg = Release|Win32
		{A111B55D-D79E-4CF0-B3BF-F8B802E8D381}.Release|x86.Build.0 = Release|Win32
	EndGlobalSection
	GlobalSection(SolutionProperties) = preSolution
		HideSolutionNode = FALSE
	EndGlobalSection
	GlobalSection(ExtensibilityGlobals) = postSolution
		SolutionGuid = {ED5443C9-70E2-44F6-BDE5-2B7CA9E17EAB}
	EndGlobalSection
EndGlobal
