
Microsoft Visual Studio Solution File, Format Version 12.00
# Visual Studio Version 16
VisualStudioVersion = 16.0.31129.286
MinimumVisualStudioVersion = 10.0.40219.1
Project("{8BC9CEB8-8B4A-11D0-8D11-00A0C91BC942}") = "2023.12.17-Thermal_Conductivity_Console_App", "2023.12.17-Thermal_Conductivity_Console_App.vcxproj", "{CD9450B9-3446-461D-9FE5-A35675ED87D8}"
EndProject
Global
	GlobalSection(SolutionConfigurationPlatforms) = preSolution
		Debug|x64 = Debug|x64
		Debug|x86 = Debug|x86
		Release|x64 = Release|x64
		Release|x86 = Release|x86
	EndGlobalSection
	GlobalSection(ProjectConfigurationPlatforms) = postSolution
		{CD9450B9-3446-461D-9FE5-A35675ED87D8}.Debug|x64.ActiveCfg = Debug|x64
		{CD9450B9-3446-461D-9FE5-A35675ED87D8}.Debug|x64.Build.0 = Debug|x64
		{CD9450B9-3446-461D-9FE5-A35675ED87D8}.Debug|x86.ActiveCfg = Debug|Win32
		{CD9450B9-3446-461D-9FE5-A35675ED87D8}.Debug|x86.Build.0 = Debug|Win32
		{CD9450B9-3446-461D-9FE5-A35675ED87D8}.Release|x64.ActiveCfg = Release|x64
		{CD9450B9-3446-461D-9FE5-A35675ED87D8}.Release|x64.Build.0 = Release|x64
		{CD9450B9-3446-461D-9FE5-A35675ED87D8}.Release|x86.ActiveCfg = Release|Win32
		{CD9450B9-3446-461D-9FE5-A35675ED87D8}.Release|x86.Build.0 = Release|Win32
	EndGlobalSection
	GlobalSection(SolutionProperties) = preSolution
		HideSolutionNode = FALSE
	EndGlobalSection
	GlobalSection(ExtensibilityGlobals) = postSolution
		SolutionGuid = {CE347C07-344F-4C03-A357-B556F0DD8CA3}
	EndGlobalSection
EndGlobal
