
Microsoft Visual Studio Solution File, Format Version 12.00
# Visual Studio Version 16
VisualStudioVersion = 16.0.31129.286
MinimumVisualStudioVersion = 10.0.40219.1
Project("{8BC9CEB8-8B4A-11D0-8D11-00A0C91BC942}") = "2023.05.08-Gauss", "2023.05.08-Gauss.vcxproj", "{0264EEB6-E063-421A-8698-4505AD2DDECA}"
EndProject
Global
	GlobalSection(SolutionConfigurationPlatforms) = preSolution
		Debug|x64 = Debug|x64
		Debug|x86 = Debug|x86
		Release|x64 = Release|x64
		Release|x86 = Release|x86
	EndGlobalSection
	GlobalSection(ProjectConfigurationPlatforms) = postSolution
		{0264EEB6-E063-421A-8698-4505AD2DDECA}.Debug|x64.ActiveCfg = Debug|x64
		{0264EEB6-E063-421A-8698-4505AD2DDECA}.Debug|x64.Build.0 = Debug|x64
		{0264EEB6-E063-421A-8698-4505AD2DDECA}.Debug|x86.ActiveCfg = Debug|Win32
		{0264EEB6-E063-421A-8698-4505AD2DDECA}.Debug|x86.Build.0 = Debug|Win32
		{0264EEB6-E063-421A-8698-4505AD2DDECA}.Release|x64.ActiveCfg = Release|x64
		{0264EEB6-E063-421A-8698-4505AD2DDECA}.Release|x64.Build.0 = Release|x64
		{0264EEB6-E063-421A-8698-4505AD2DDECA}.Release|x86.ActiveCfg = Release|Win32
		{0264EEB6-E063-421A-8698-4505AD2DDECA}.Release|x86.Build.0 = Release|Win32
	EndGlobalSection
	GlobalSection(SolutionProperties) = preSolution
		HideSolutionNode = FALSE
	EndGlobalSection
	GlobalSection(ExtensibilityGlobals) = postSolution
		SolutionGuid = {EFBF1AFE-7093-4DFE-80BC-BBCF6F7DB063}
	EndGlobalSection
EndGlobal
